
Microsoft Visual Studio Solution File, Format Version 12.00
# Visual Studio Version 17
VisualStudioVersion = 17.5.33209.295
MinimumVisualStudioVersion = 10.0.40219.1
Project("{FAE04EC0-301F-11D3-BF4B-00C04F79EFBC}") = "mvc_crud", "mvc_crud\mvc_crud.csproj", "{40249742-DE39-4AB5-8CEF-1B99A7BF1838}"
EndProject
Global
	GlobalSection(SolutionConfigurationPlatforms) = preSolution
		Debug|Any CPU = Debug|Any CPU
		Release|Any CPU = Release|Any CPU
	EndGlobalSection
	GlobalSection(ProjectConfigurationPlatforms) = postSolution
		{40249742-DE39-4AB5-8CEF-1B99A7BF1838}.Debug|Any CPU.ActiveCfg = Debug|Any CPU
		{40249742-DE39-4AB5-8CEF-1B99A7BF1838}.Debug|Any CPU.Build.0 = Debug|Any CPU
		{40249742-DE39-4AB5-8CEF-1B99A7BF1838}.Release|Any CPU.ActiveCfg = Release|Any CPU
		{40249742-DE39-4AB5-8CEF-1B99A7BF1838}.Release|Any CPU.Build.0 = Release|Any CPU
	EndGlobalSection
	GlobalSection(SolutionProperties) = preSolution
		HideSolutionNode = FALSE
	EndGlobalSection
	GlobalSection(ExtensibilityGlobals) = postSolution
		SolutionGuid = {33363D4F-1A6C-4DDB-B3B0-770C0F620991}
	EndGlobalSection
EndGlobal
